// !$*UTF8*$!
{
	archiveVersion = 1;
	classes = {
	};
	objectVersion = 50;
	objects = {

/* Begin PBXBuildFile section */
		3EFC79D2256D331100B13870 /* AppDelegate.swift in Sources */ = {isa = PBXBuildFile; fileRef = 3EFC79D1256D331100B13870 /* AppDelegate.swift */; };
		3EFC79D4256D331100B13870 /* SceneDelegate.swift in Sources */ = {isa = PBXBuildFile; fileRef = 3EFC79D3256D331100B13870 /* SceneDelegate.swift */; };
		3EFC79D6256D331100B13870 /* ContentView.swift in Sources */ = {isa = PBXBuildFile; fileRef = 3EFC79D5256D331100B13870 /* ContentView.swift */; };
		3EFC79D8256D331200B13870 /* Assets.xcassets in Resources */ = {isa = PBXBuildFile; fileRef = 3EFC79D7256D331200B13870 /* Assets.xcassets */; };
		3EFC79DB256D331200B13870 /* Preview Assets.xcassets in Resources */ = {isa = PBXBuildFile; fileRef = 3EFC79DA256D331200B13870 /* Preview Assets.xcassets */; };
		3EFC79DE256D331200B13870 /* LaunchScreen.storyboard in Resources */ = {isa = PBXBuildFile; fileRef = 3EFC79DC256D331200B13870 /* LaunchScreen.storyboard */; };
		3EFC79E9256D331200B13870 /* AddNumbersTests.swift in Sources */ = {isa = PBXBuildFile; fileRef = 3EFC79E8256D331200B13870 /* AddNumbersTests.swift */; };
		3EFC79F4256D331200B13870 /* AddNumbersUITests.swift in Sources */ = {isa = PBXBuildFile; fileRef = 3EFC79F3256D331200B13870 /* AddNumbersUITests.swift */; };
/* End PBXBuildFile section */

/* Begin PBXContainerItemProxy section */
		3EFC79E5256D331200B13870 /* PBXContainerItemProxy */ = {
			isa = PBXContainerItemProxy;
			containerPortal = 3EFC79C6256D331100B13870 /* Project object */;
			proxyType = 1;
			remoteGlobalIDString = 3EFC79CD256D331100B13870;
			remoteInfo = AddNumbers;
		};
		3EFC79F0256D331200B13870 /* PBXContainerItemProxy */ = {
			isa = PBXContainerItemProxy;
			containerPortal = 3EFC79C6256D331100B13870 /* Project object */;
			proxyType = 1;
			remoteGlobalIDString = 3EFC79CD256D331100B13870;
			remoteInfo = AddNumbers;
		};
/* End PBXContainerItemProxy section */

/* Begin PBXFileReference section */
		3EFC79CE256D331100B13870 /* AddNumbers.app */ = {isa = PBXFileReference; explicitFileType = wrapper.application; includeInIndex = 0; path = AddNumbers.app; sourceTree = BUILT_PRODUCTS_DIR; };
		3EFC79D1256D331100B13870 /* AppDelegate.swift */ = {isa = PBXFileReference; lastKnownFileType = sourcecode.swift; path = AppDelegate.swift; sourceTree = "<group>"; };
		3EFC79D3256D331100B13870 /* SceneDelegate.swift */ = {isa = PBXFileReference; lastKnownFileType = sourcecode.swift; path = SceneDelegate.swift; sourceTree = "<group>"; };
		3EFC79D5256D331100B13870 /* ContentView.swift */ = {isa = PBXFileReference; lastKnownFileType = sourcecode.swift; path = ContentView.swift; sourceTree = "<group>"; };
		3EFC79D7256D331200B13870 /* Assets.xcassets */ = {isa = PBXFileReference; lastKnownFileType = folder.assetcatalog; path = Assets.xcassets; sourceTree = "<group>"; };
		3EFC79DA256D331200B13870 /* Preview Assets.xcassets */ = {isa = PBXFileReference; lastKnownFileType = folder.assetcatalog; path = "Preview Assets.xcassets"; sourceTree = "<group>"; };
		3EFC79DD256D331200B13870 /* Base */ = {isa = PBXFileReference; lastKnownFileType = file.storyboard; name = Base; path = Base.lproj/LaunchScreen.storyboard; sourceTree = "<group>"; };
		3EFC79DF256D331200B13870 /* Info.plist */ = {isa = PBXFileReference; lastKnownFileType = text.plist.xml; path = Info.plist; sourceTree = "<group>"; };
		3EFC79E4256D331200B13870 /* AddNumbersTests.xctest */ = {isa = PBXFileReference; explicitFileType = wrapper.cfbundle; includeInIndex = 0; path = AddNumbersTests.xctest; sourceTree = BUILT_PRODUCTS_DIR; };
		3EFC79E8256D331200B13870 /* AddNumbersTests.swift */ = {isa = PBXFileReference; lastKnownFileType = sourcecode.swift; path = AddNumbersTests.swift; sourceTree = "<group>"; };
		3EFC79EA256D331200B13870 /* Info.plist */ = {isa = PBXFileReference; lastKnownFileType = text.plist.xml; path = Info.plist; sourceTree = "<group>"; };
		3EFC79EF256D331200B13870 /* AddNumbersUITests.xctest */ = {isa = PBXFileReference; explicitFileType = wrapper.cfbundle; includeInIndex = 0; path = AddNumbersUITests.xctest; sourceTree = BUILT_PRODUCTS_DIR; };
		3EFC79F3256D331200B13870 /* AddNumbersUITests.swift */ = {isa = PBXFileReference; lastKnownFileType = sourcecode.swift; path = AddNumbersUITests.swift; sourceTree = "<group>"; };
		3EFC79F5256D331200B13870 /* Info.plist */ = {isa = PBXFileReference; lastKnownFileType = text.plist.xml; path = Info.plist; sourceTree = "<group>"; };
/* End PBXFileReference section */

/* Begin PBXFrameworksBuildPhase section */
		3EFC79CB256D331100B13870 /* Frameworks */ = {
			isa = PBXFrameworksBuildPhase;
			buildActionMask = 2147483647;
			files = (
			);
			runOnlyForDeploymentPostprocessing = 0;
		};
		3EFC79E1256D331200B13870 /* Frameworks */ = {
			isa = PBXFrameworksBuildPhase;
			buildActionMask = 2147483647;
			files = (
			);
			runOnlyForDeploymentPostprocessing = 0;
		};
		3EFC79EC256D331200B13870 /* Frameworks */ = {
			isa = PBXFrameworksBuildPhase;
			buildActionMask = 2147483647;
			files = (
			);
			runOnlyForDeploymentPostprocessing = 0;
		};
/* End PBXFrameworksBuildPhase section */

/* Begin PBXGroup section */
		3EFC79C5256D331100B13870 = {
			isa = PBXGroup;
			children = (
				3EFC79D0256D331100B13870 /* AddNumbers */,
				3EFC79E7256D331200B13870 /* AddNumbersTests */,
				3EFC79F2256D331200B13870 /* AddNumbersUITests */,
				3EFC79CF256D331100B13870 /* Products */,
			);
			sourceTree = "<group>";
		};
		3EFC79CF256D331100B13870 /* Products */ = {
			isa = PBXGroup;
			children = (
				3EFC79CE256D331100B13870 /* AddNumbers.app */,
				3EFC79E4256D331200B13870 /* AddNumbersTests.xctest */,
				3EFC79EF256D331200B13870 /* AddNumbersUITests.xctest */,
			);
			name = Products;
			sourceTree = "<group>";
		};
		3EFC79D0256D331100B13870 /* AddNumbers */ = {
			isa = PBXGroup;
			children = (
				3EFC79D1256D331100B13870 /* AppDelegate.swift */,
				3EFC79D3256D331100B13870 /* SceneDelegate.swift */,
				3EFC79D5256D331100B13870 /* ContentView.swift */,
				3EFC79D7256D331200B13870 /* Assets.xcassets */,
				3EFC79DC256D331200B13870 /* LaunchScreen.storyboard */,
				3EFC79DF256D331200B13870 /* Info.plist */,
				3EFC79D9256D331200B13870 /* Preview Content */,
			);
			path = AddNumbers;
			sourceTree = "<group>";
		};
		3EFC79D9256D331200B13870 /* Preview Content */ = {
			isa = PBXGroup;
			children = (
				3EFC79DA256D331200B13870 /* Preview Assets.xcassets */,
			);
			path = "Preview Content";
			sourceTree = "<group>";
		};
		3EFC79E7256D331200B13870 /* AddNumbersTests */ = {
			isa = PBXGroup;
			children = (
				3EFC79E8256D331200B13870 /* AddNumbersTests.swift */,
				3EFC79EA256D331200B13870 /* Info.plist */,
			);
			path = AddNumbersTests;
			sourceTree = "<group>";
		};
		3EFC79F2256D331200B13870 /* AddNumbersUITests */ = {
			isa = PBXGroup;
			children = (
				3EFC79F3256D331200B13870 /* AddNumbersUITests.swift */,
				3EFC79F5256D331200B13870 /* Info.plist */,
			);
			path = AddNumbersUITests;
			sourceTree = "<group>";
		};
/* End PBXGroup section */

/* Begin PBXNativeTarget section */
		3EFC79CD256D331100B13870 /* AddNumbers */ = {
			isa = PBXNativeTarget;
			buildConfigurationList = 3EFC79F8256D331200B13870 /* Build configuration list for PBXNativeTarget "AddNumbers" */;
			buildPhases = (
				3EFC79CA256D331100B13870 /* Sources */,
				3EFC79CB256D331100B13870 /* Frameworks */,
				3EFC79CC256D331100B13870 /* Resources */,
			);
			buildRules = (
			);
			dependencies = (
			);
			name = AddNumbers;
			productName = AddNumbers;
			productReference = 3EFC79CE256D331100B13870 /* AddNumbers.app */;
			productType = "com.apple.product-type.application";
		};
		3EFC79E3256D331200B13870 /* AddNumbersTests */ = {
			isa = PBXNativeTarget;
			buildConfigurationList = 3EFC79FB256D331200B13870 /* Build configuration list for PBXNativeTarget "AddNumbersTests" */;
			buildPhases = (
				3EFC79E0256D331200B13870 /* Sources */,
				3EFC79E1256D331200B13870 /* Frameworks */,
				3EFC79E2256D331200B13870 /* Resources */,
			);
			buildRules = (
			);
			dependencies = (
				3EFC79E6256D331200B13870 /* PBXTargetDependency */,
			);
			name = AddNumbersTests;
			productName = AddNumbersTests;
			productReference = 3EFC79E4256D331200B13870 /* AddNumbersTests.xctest */;
			productType = "com.apple.product-type.bundle.unit-test";
		};
		3EFC79EE256D331200B13870 /* AddNumbersUITests */ = {
			isa = PBXNativeTarget;
			buildConfigurationList = 3EFC79FE256D331200B13870 /* Build configuration list for PBXNativeTarget "AddNumbersUITests" */;
			buildPhases = (
				3EFC79EB256D331200B13870 /* Sources */,
				3EFC79EC256D331200B13870 /* Frameworks */,
				3EFC79ED256D331200B13870 /* Resources */,
			);
			buildRules = (
			);
			dependencies = (
				3EFC79F1256D331200B13870 /* PBXTargetDependency */,
			);
			name = AddNumbersUITests;
			productName = AddNumbersUITests;
			productReference = 3EFC79EF256D331200B13870 /* AddNumbersUITests.xctest */;
			productType = "com.apple.product-type.bundle.ui-testing";
		};
/* End PBXNativeTarget section */

/* Begin PBXProject section */
		3EFC79C6256D331100B13870 /* Project object */ = {
			isa = PBXProject;
			attributes = {
				LastSwiftUpdateCheck = 1210;
				LastUpgradeCheck = 1210;
				TargetAttributes = {
					3EFC79CD256D331100B13870 = {
						CreatedOnToolsVersion = 12.1;
					};
					3EFC79E3256D331200B13870 = {
						CreatedOnToolsVersion = 12.1;
						TestTargetID = 3EFC79CD256D331100B13870;
					};
					3EFC79EE256D331200B13870 = {
						CreatedOnToolsVersion = 12.1;
						TestTargetID = 3EFC79CD256D331100B13870;
					};
				};
			};
			buildConfigurationList = 3EFC79C9256D331100B13870 /* Build configuration list for PBXProject "AddNumbers" */;
			compatibilityVersion = "Xcode 9.3";
			developmentRegion = en;
			hasScannedForEncodings = 0;
			knownRegions = (
				en,
				Base,
			);
			mainGroup = 3EFC79C5256D331100B13870;
			productRefGroup = 3EFC79CF256D331100B13870 /* Products */;
			projectDirPath = "";
			projectRoot = "";
			targets = (
				3EFC79CD256D331100B13870 /* AddNumbers */,
				3EFC79E3256D331200B13870 /* AddNumbersTests */,
				3EFC79EE256D331200B13870 /* AddNumbersUITests */,
			);
		};
/* End PBXProject section */

/* Begin PBXResourcesBuildPhase section */
		3EFC79CC256D331100B13870 /* Resources */ = {
			isa = PBXResourcesBuildPhase;
			buildActionMask = 2147483647;
			files = (
				3EFC79DE256D331200B13870 /* LaunchScreen.storyboard in Resources */,
				3EFC79DB256D331200B13870 /* Preview Assets.xcassets in Resources */,
				3EFC79D8256D331200B13870 /* Assets.xcassets in Resources */,
			);
			runOnlyForDeploymentPostprocessing = 0;
		};
		3EFC79E2256D331200B13870 /* Resources */ = {
			isa = PBXResourcesBuildPhase;
			buildActionMask = 2147483647;
			files = (
			);
			runOnlyForDeploymentPostprocessing = 0;
		};
		3EFC79ED256D331200B13870 /* Resources */ = {
			isa = PBXResourcesBuildPhase;
			buildActionMask = 2147483647;
			files = (
			);
			runOnlyForDeploymentPostprocessing = 0;
		};
/* End PBXResourcesBuildPhase section */

/* Begin PBXSourcesBuildPhase section */
		3EFC79CA256D331100B13870 /* Sources */ = {
			isa = PBXSourcesBuildPhase;
			buildActionMask = 2147483647;
			files = (
				3EFC79D2256D331100B13870 /* AppDelegate.swift in Sources */,
				3EFC79D4256D331100B13870 /* SceneDelegate.swift in Sources */,
				3EFC79D6256D331100B13870 /* ContentView.swift in Sources */,
			);
			runOnlyForDeploymentPostprocessing = 0;
		};
		3EFC79E0256D331200B13870 /* Sources */ = {
			isa = PBXSourcesBuildPhase;
			buildActionMask = 2147483647;
			files = (
				3EFC79E9256D331200B13870 /* AddNumbersTests.swift in Sources */,
			);
			runOnlyForDeploymentPostprocessing = 0;
		};
		3EFC79EB256D331200B13870 /* Sources */ = {
			isa = PBXSourcesBuildPhase;
			buildActionMask = 2147483647;
			files = (
				3EFC79F4256D331200B13870 /* AddNumbersUITests.swift in Sources */,
			);
			runOnlyForDeploymentPostprocessing = 0;
		};
/* End PBXSourcesBuildPhase section */

/* Begin PBXTargetDependency section */
		3EFC79E6256D331200B13870 /* PBXTargetDependency */ = {
			isa = PBXTargetDependency;
			target = 3EFC79CD256D331100B13870 /* AddNumbers */;
			targetProxy = 3EFC79E5256D331200B13870 /* PBXContainerItemProxy */;
		};
		3EFC79F1256D331200B13870 /* PBXTargetDependency */ = {
			isa = PBXTargetDependency;
			target = 3EFC79CD256D331100B13870 /* AddNumbers */;
			targetProxy = 3EFC79F0256D331200B13870 /* PBXContainerItemProxy */;
		};
/* End PBXTargetDependency section */

/* Begin PBXVariantGroup section */
		3EFC79DC256D331200B13870 /* LaunchScreen.storyboard */ = {
			isa = PBXVariantGroup;
			children = (
				3EFC79DD256D331200B13870 /* Base */,
			);
			name = LaunchScreen.storyboard;
			sourceTree = "<group>";
		};
/* End PBXVariantGroup section */

/* Begin XCBuildConfiguration section */
		3EFC79F6256D331200B13870 /* Debug */ = {
			isa = XCBuildConfiguration;
			buildSettings = {
				ALWAYS_SEARCH_USER_PATHS = NO;
				CLANG_ANALYZER_NONNULL = YES;
				CLANG_ANALYZER_NUMBER_OBJECT_CONVERSION = YES_AGGRESSIVE;
				CLANG_CXX_LANGUAGE_STANDARD = "gnu++14";
				CLANG_CXX_LIBRARY = "libc++";
				CLANG_ENABLE_MODULES = YES;
				CLANG_ENABLE_OBJC_ARC = YES;
				CLANG_ENABLE_OBJC_WEAK = YES;
				CLANG_WARN_BLOCK_CAPTURE_AUTORELEASING = YES;
				CLANG_WARN_BOOL_CONVERSION = YES;
				CLANG_WARN_COMMA = YES;
				CLANG_WARN_CONSTANT_CONVERSION = YES;
				CLANG_WARN_DEPRECATED_OBJC_IMPLEMENTATIONS = YES;
				CLANG_WARN_DIRECT_OBJC_ISA_USAGE = YES_ERROR;
				CLANG_WARN_DOCUMENTATION_COMMENTS = YES;
				CLANG_WARN_EMPTY_BODY = YES;
				CLANG_WARN_ENUM_CONVERSION = YES;
				CLANG_WARN_INFINITE_RECURSION = YES;
				CLANG_WARN_INT_CONVERSION = YES;
				CLANG_WARN_NON_LITERAL_NULL_CONVERSION = YES;
				CLANG_WARN_OBJC_IMPLICIT_RETAIN_SELF = YES;
				CLANG_WARN_OBJC_LITERAL_CONVERSION = YES;
				CLANG_WARN_OBJC_ROOT_CLASS = YES_ERROR;
				CLANG_WARN_QUOTED_INCLUDE_IN_FRAMEWORK_HEADER = YES;
				CLANG_WARN_RANGE_LOOP_ANALYSIS = YES;
				CLANG_WARN_STRICT_PROTOTYPES = YES;
				CLANG_WARN_SUSPICIOUS_MOVE = YES;
				CLANG_WARN_UNGUARDED_AVAILABILITY = YES_AGGRESSIVE;
				CLANG_WARN_UNREACHABLE_CODE = YES;
				CLANG_WARN__DUPLICATE_METHOD_MATCH = YES;
				COPY_PHASE_STRIP = NO;
				DEBUG_INFORMATION_FORMAT = dwarf;
				ENABLE_STRICT_OBJC_MSGSEND = YES;
				ENABLE_TESTABILITY = YES;
				GCC_C_LANGUAGE_STANDARD = gnu11;
				GCC_DYNAMIC_NO_PIC = NO;
				GCC_NO_COMMON_BLOCKS = YES;
				GCC_OPTIMIZATION_LEVEL = 0;
				GCC_PREPROCESSOR_DEFINITIONS = (
					"DEBUG=1",
					"$(inherited)",
				);
				GCC_WARN_64_TO_32_BIT_CONVERSION = YES;
				GCC_WARN_ABOUT_RETURN_TYPE = YES_ERROR;
				GCC_WARN_UNDECLARED_SELECTOR = YES;
				GCC_WARN_UNINITIALIZED_AUTOS = YES_AGGRESSIVE;
				GCC_WARN_UNUSED_FUNCTION = YES;
				GCC_WARN_UNUSED_VARIABLE = YES;
				IPHONEOS_DEPLOYMENT_TARGET = 14.1;
				MTL_ENABLE_DEBUG_INFO = INCLUDE_SOURCE;
				MTL_FAST_MATH = YES;
				ONLY_ACTIVE_ARCH = YES;
				SDKROOT = iphoneos;
				SWIFT_ACTIVE_COMPILATION_CONDITIONS = DEBUG;
				SWIFT_OPTIMIZATION_LEVEL = "-Onone";
			};
			name = Debug;
		};
		3EFC79F7256D331200B13870 /* Release */ = {
			isa = XCBuildConfiguration;
			buildSettings = {
				ALWAYS_SEARCH_USER_PATHS = NO;
				CLANG_ANALYZER_NONNULL = YES;
				CLANG_ANALYZER_NUMBER_OBJECT_CONVERSION = YES_AGGRESSIVE;
				CLANG_CXX_LANGUAGE_STANDARD = "gnu++14";
				CLANG_CXX_LIBRARY = "libc++";
				CLANG_ENABLE_MODULES = YES;
				CLANG_ENABLE_OBJC_ARC = YES;
				CLANG_ENABLE_OBJC_WEAK = YES;
				CLANG_WARN_BLOCK_CAPTURE_AUTORELEASING = YES;
				CLANG_WARN_BOOL_CONVERSION = YES;
				CLANG_WARN_COMMA = YES;
				CLANG_WARN_CONSTANT_CONVERSION = YES;
				CLANG_WARN_DEPRECATED_OBJC_IMPLEMENTATIONS = YES;
				CLANG_WARN_DIRECT_OBJC_ISA_USAGE = YES_ERROR;
				CLANG_WARN_DOCUMENTATION_COMMENTS = YES;
				CLANG_WARN_EMPTY_BODY = YES;
				CLANG_WARN_ENUM_CONVERSION = YES;
				CLANG_WARN_INFINITE_RECURSION = YES;
				CLANG_WARN_INT_CONVERSION = YES;
				CLANG_WARN_NON_LITERAL_NULL_CONVERSION = YES;
				CLANG_WARN_OBJC_IMPLICIT_RETAIN_SELF = YES;
				CLANG_WARN_OBJC_LITERAL_CONVERSION = YES;
				CLANG_WARN_OBJC_ROOT_CLASS = YES_ERROR;
				CLANG_WARN_QUOTED_INCLUDE_IN_FRAMEWORK_HEADER = YES;
				CLANG_WARN_RANGE_LOOP_ANALYSIS = YES;
				CLANG_WARN_STRICT_PROTOTYPES = YES;
				CLANG_WARN_SUSPICIOUS_MOVE = YES;
				CLANG_WARN_UNGUARDED_AVAILABILITY = YES_AGGRESSIVE;
				CLANG_WARN_UNREACHABLE_CODE = YES;
				CLANG_WARN__DUPLICATE_METHOD_MATCH = YES;
				COPY_PHASE_STRIP = NO;
				DEBUG_INFORMATION_FORMAT = "dwarf-with-dsym";
				ENABLE_NS_ASSERTIONS = NO;
				ENABLE_STRICT_OBJC_MSGSEND = YES;
				GCC_C_LANGUAGE_STANDARD = gnu11;
				GCC_NO_COMMON_BLOCKS = YES;
				GCC_WARN_64_TO_32_BIT_CONVERSION = YES;
				GCC_WARN_ABOUT_RETURN_TYPE = YES_ERROR;
				GCC_WARN_UNDECLARED_SELECTOR = YES;
				GCC_WARN_UNINITIALIZED_AUTOS = YES_AGGRESSIVE;
				GCC_WARN_UNUSED_FUNCTION = YES;
				GCC_WARN_UNUSED_VARIABLE = YES;
				IPHONEOS_DEPLOYMENT_TARGET = 14.1;
				MTL_ENABLE_DEBUG_INFO = NO;
				MTL_FAST_MATH = YES;
				SDKROOT = iphoneos;
				SWIFT_COMPILATION_MODE = wholemodule;
				SWIFT_OPTIMIZATION_LEVEL = "-O";
				VALIDATE_PRODUCT = YES;
			};
			name = Release;
		};
		3EFC79F9256D331200B13870 /* Debug */ = {
			isa = XCBuildConfiguration;
			buildSettings = {
				ASSETCATALOG_COMPILER_APPICON_NAME = AppIcon;
				ASSETCATALOG_COMPILER_GLOBAL_ACCENT_COLOR_NAME = AccentColor;
				CODE_SIGN_STYLE = Automatic;
				DEVELOPMENT_ASSET_PATHS = "\"AddNumbers/Preview Content\"";
				ENABLE_PREVIEWS = YES;
				INFOPLIST_FILE = AddNumbers/Info.plist;
				LD_RUNPATH_SEARCH_PATHS = (
					"$(inherited)",
					"@executable_path/Frameworks",
				);
				PRODUCT_BUNDLE_IDENTIFIER = be.vives.AddNumbers;
				PRODUCT_NAME = "$(TARGET_NAME)";
				SWIFT_VERSION = 5.0;
				TARGETED_DEVICE_FAMILY = "1,2";
			};
			name = Debug;
		};
		3EFC79FA256D331200B13870 /* Release */ = {
			isa = XCBuildConfiguration;
			buildSettings = {
				ASSETCATALOG_COMPILER_APPICON_NAME = AppIcon;
				ASSETCATALOG_COMPILER_GLOBAL_ACCENT_COLOR_NAME = AccentColor;
				CODE_SIGN_STYLE = Automatic;
				DEVELOPMENT_ASSET_PATHS = "\"AddNumbers/Preview Content\"";
				ENABLE_PREVIEWS = YES;
				INFOPLIST_FILE = AddNumbers/Info.plist;
				LD_RUNPATH_SEARCH_PATHS = (
					"$(inherited)",
					"@executable_path/Frameworks",
				);
				PRODUCT_BUNDLE_IDENTIFIER = be.vives.AddNumbers;
				PRODUCT_NAME = "$(TARGET_NAME)";
				SWIFT_VERSION = 5.0;
				TARGETED_DEVICE_FAMILY = "1,2";
			};
			name = Release;
		};
		3EFC79FC256D331200B13870 /* Debug */ = {
			isa = XCBuildConfiguration;
			buildSettings = {
				ALWAYS_EMBED_SWIFT_STANDARD_LIBRARIES = YES;
				BUNDLE_LOADER = "$(TEST_HOST)";
				CODE_SIGN_STYLE = Automatic;
				INFOPLIST_FILE = AddNumbersTests/Info.plist;
				IPHONEOS_DEPLOYMENT_TARGET = 14.1;
				LD_RUNPATH_SEARCH_PATHS = (
					"$(inherited)",
					"@executable_path/Frameworks",
					"@loader_path/Frameworks",
				);
				PRODUCT_BUNDLE_IDENTIFIER = be.vives.AddNumbersTests;
				PRODUCT_NAME = "$(TARGET_NAME)";
				SWIFT_VERSION = 5.0;
				TARGETED_DEVICE_FAMILY = "1,2";
				TEST_HOST = "$(BUILT_PRODUCTS_DIR)/AddNumbers.app/AddNumbers";
			};
			name = Debug;
		};
		3EFC79FD256D331200B13870 /* Release */ = {
			isa = XCBuildConfiguration;
			buildSettings = {
				ALWAYS_EMBED_SWIFT_STANDARD_LIBRARIES = YES;
				BUNDLE_LOADER = "$(TEST_HOST)";
				CODE_SIGN_STYLE = Automatic;
				INFOPLIST_FILE = AddNumbersTests/Info.plist;
				IPHONEOS_DEPLOYMENT_TARGET = 14.1;
				LD_RUNPATH_SEARCH_PATHS = (
					"$(inherited)",
					"@executable_path/Frameworks",
					"@loader_path/Frameworks",
				);
				PRODUCT_BUNDLE_IDENTIFIER = be.vives.AddNumbersTests;
				PRODUCT_NAME = "$(TARGET_NAME)";
				SWIFT_VERSION = 5.0;
				TARGETED_DEVICE_FAMILY = "1,2";
				TEST_HOST = "$(BUILT_PRODUCTS_DIR)/AddNumbers.app/AddNumbers";
			};
			name = Release;
		};
		3EFC79FF256D331200B13870 /* Debug */ = {
			isa = XCBuildConfiguration;
			buildSettings = {
				ALWAYS_EMBED_SWIFT_STANDARD_LIBRARIES = YES;
				CODE_SIGN_STYLE = Automatic;
				INFOPLIST_FILE = AddNumbersUITests/Info.plist;
				LD_RUNPATH_SEARCH_PATHS = (
					"$(inherited)",
					"@executable_path/Frameworks",
					"@loader_path/Frameworks",
				);
				PRODUCT_BUNDLE_IDENTIFIER = be.vives.AddNumbersUITests;
				PRODUCT_NAME = "$(TARGET_NAME)";
				SWIFT_VERSION = 5.0;
				TARGETED_DEVICE_FAMILY = "1,2";
				TEST_TARGET_NAME = AddNumbers;
			};
			name = Debug;
		};
		3EFC7A00256D331200B13870 /* Release */ = {
			isa = XCBuildConfiguration;
			buildSettings = {
				ALWAYS_EMBED_SWIFT_STANDARD_LIBRARIES = YES;
				CODE_SIGN_STYLE = Automatic;
				INFOPLIST_FILE = AddNumbersUITests/Info.plist;
				LD_RUNPATH_SEARCH_PATHS = (
					"$(inherited)",
					"@executable_path/Frameworks",
					"@loader_path/Frameworks",
				);
				PRODUCT_BUNDLE_IDENTIFIER = be.vives.AddNumbersUITests;
				PRODUCT_NAME = "$(TARGET_NAME)";
				SWIFT_VERSION = 5.0;
				TARGETED_DEVICE_FAMILY = "1,2";
				TEST_TARGET_NAME = AddNumbers;
			};
			name = Release;
		};
/* End XCBuildConfiguration section */

/* Begin XCConfigurationList section */
		3EFC79C9256D331100B13870 /* Build configuration list for PBXProject "AddNumbers" */ = {
			isa = XCConfigurationList;
			buildConfigurations = (
				3EFC79F6256D331200B13870 /* Debug */,
				3EFC79F7256D331200B13870 /* Release */,
			);
			defaultConfigurationIsVisible = 0;
			defaultConfigurationName = Release;
		};
		3EFC79F8256D331200B13870 /* Build configuration list for PBXNativeTarget "AddNumbers" */ = {
			isa = XCConfigurationList;
			buildConfigurations = (
				3EFC79F9256D331200B13870 /* Debug */,
				3EFC79FA256D331200B13870 /* Release */,
			);
			defaultConfigurationIsVisible = 0;
			defaultConfigurationName = Release;
		};
		3EFC79FB256D331200B13870 /* Build configuration list for PBXNativeTarget "AddNumbersTests" */ = {
			isa = XCConfigurationList;
			buildConfigurations = (
				3EFC79FC256D331200B13870 /* Debug */,
				3EFC79FD256D331200B13870 /* Release */,
			);
			defaultConfigurationIsVisible = 0;
			defaultConfigurationName = Release;
		};
		3EFC79FE256D331200B13870 /* Build configuration list for PBXNativeTarget "AddNumbersUITests" */ = {
			isa = XCConfigurationList;
			buildConfigurations = (
				3EFC79FF256D331200B13870 /* Debug */,
				3EFC7A00256D331200B13870 /* Release */,
			);
			defaultConfigurationIsVisible = 0;
			defaultConfigurationName = Release;
		};
/* End XCConfigurationList section */
	};
	rootObject = 3EFC79C6256D331100B13870 /* Project object */;
}
